
Microsoft Visual Studio Solution File, Format Version 12.00
# Visual Studio Version 17
VisualStudioVersion = 17.9.34714.143
MinimumVisualStudioVersion = 10.0.40219.1
Project("{FAE04EC0-301F-11D3-BF4B-00C04F79EFBC}") = "BOTW", "BOTW.csproj", "{D94A127B-D9B7-4441-ADA0-BFA1C7E424CC}"
EndProject
Global
	GlobalSection(SolutionConfigurationPlatforms) = preSolution
		Debug|Any CPU = Debug|Any CPU
		Release|Any CPU = Release|Any CPU
	EndGlobalSection
	GlobalSection(ProjectConfigurationPlatforms) = postSolution
		{D94A127B-D9B7-4441-ADA0-BFA1C7E424CC}.Debug|Any CPU.ActiveCfg = Debug|Any CPU
		{D94A127B-D9B7-4441-ADA0-BFA1C7E424CC}.Debug|Any CPU.Build.0 = Debug|Any CPU
		{D94A127B-D9B7-4441-ADA0-BFA1C7E424CC}.Release|Any CPU.ActiveCfg = Release|Any CPU
		{D94A127B-D9B7-4441-ADA0-BFA1C7E424CC}.Release|Any CPU.Build.0 = Release|Any CPU
	EndGlobalSection
	GlobalSection(SolutionProperties) = preSolution
		HideSolutionNode = FALSE
	EndGlobalSection
	GlobalSection(ExtensibilityGlobals) = postSolution
		SolutionGuid = {0000E952-3D73-4032-86BE-F66AC8B06A3E}
	EndGlobalSection
EndGlobal
